// !$*UTF8*$!
{
	archiveVersion = 1;
	classes = {
	};
	objectVersion = 63;
	objects = {

/* Begin PBXBuildFile section */
		023565E9BDC30D84BE170484 /* ToolbarView.swift in Sources */ = {isa = PBXBuildFile; fileRef = 98FD229C4540444E06749C9A /* ToolbarView.swift */; };
		04B9547CB4D06BDDA831CC56 /* ColorPanelView.swift in Sources */ = {isa = PBXBuildFile; fileRef = CB2C6F0503AA5638B5600387 /* ColorPanelView.swift */; };
		0E2AFA6A9CC63434818A7194 /* QRGeneratorView.swift in Sources */ = {isa = PBXBuildFile; fileRef = E9F4582FBE525393C0400B87 /* QRGeneratorView.swift */; };
		256097CAC28F5AC15D7B9E86 /* PatternRenderer.swift in Sources */ = {isa = PBXBuildFile; fileRef = 5E4643F29218E11DBBE8BC6C /* PatternRenderer.swift */; };
		451D1B4A53F7D9480B83E56B /* ShareView.swift in Sources */ = {isa = PBXBuildFile; fileRef = 691B718223BB738AD7A48FBE /* ShareView.swift */; };
		497301E28E949D71F2225695 /* PixelAvatarLibrary.swift in Sources */ = {isa = PBXBuildFile; fileRef = AB7EFB7C269972FBA195A086 /* PixelAvatarLibrary.swift */; };
		4E3BB548D434875E493B39F3 /* ContentView.swift in Sources */ = {isa = PBXBuildFile; fileRef = 1C8921527B69A89616F210AC /* ContentView.swift */; };
		4F95D21645D6E4031678FBFF /* AvatarPickerView.swift in Sources */ = {isa = PBXBuildFile; fileRef = F3FF2439A3A1EF55F6EFAD2D /* AvatarPickerView.swift */; };
		58C8AB9A1B131CFE70CCB2ED /* BeadStatsView.swift in Sources */ = {isa = PBXBuildFile; fileRef = 9E31BFFC344F44F301C66895 /* BeadStatsView.swift */; };
		655995585E68BA92283F2774 /* CanvasView.swift in Sources */ = {isa = PBXBuildFile; fileRef = 77D1AA4C7B52D8A5B38C6912 /* CanvasView.swift */; };
		68580270A31054AA0D207B0C /* ScannerView.swift in Sources */ = {isa = PBXBuildFile; fileRef = 76F4E5CAD01B742F40B44253 /* ScannerView.swift */; };
		73910A7DA14252D7A3DD671B /* GalleryView.swift in Sources */ = {isa = PBXBuildFile; fileRef = 3759C901E3220642F397C3A3 /* GalleryView.swift */; };
		8C02B7C6573D4D44564EC1BA /* PatternCodec.swift in Sources */ = {isa = PBXBuildFile; fileRef = DA537975C118C395CEDB0048 /* PatternCodec.swift */; };
		92EFA5FFAE57DD6E06BA9B78 /* BeadMakerApp.swift in Sources */ = {isa = PBXBuildFile; fileRef = F3FAD33B73DF973D67636031 /* BeadMakerApp.swift */; };
		9595F7A55E53BB7B83363452 /* PatternCardView.swift in Sources */ = {isa = PBXBuildFile; fileRef = 1D8ECA38224DCB526054DF93 /* PatternCardView.swift */; };
		A777EF6764D76F2BDB07F004 /* EditorViewModel.swift in Sources */ = {isa = PBXBuildFile; fileRef = 7EC2C881CF99568D17E91EAA /* EditorViewModel.swift */; };
		AD3C7B2B95FD13065291410D /* UserProfile.swift in Sources */ = {isa = PBXBuildFile; fileRef = D472869036D431C6AD83C13C /* UserProfile.swift */; };
		B81248C17611C7D246FA5A2B /* BeadColor.swift in Sources */ = {isa = PBXBuildFile; fileRef = 40D2EA2622B2B262E7344B52 /* BeadColor.swift */; };
		C13FD0990742A0604A1387A1 /* ProfileView.swift in Sources */ = {isa = PBXBuildFile; fileRef = 5939A0E0C5A18D6E580EAEE7 /* ProfileView.swift */; };
		C555299E53850485A25FC442 /* BeadColorLibrary.swift in Sources */ = {isa = PBXBuildFile; fileRef = 8A3E6A57B424740278A012E1 /* BeadColorLibrary.swift */; };
		C7AB6A1959C00A46FFAE5C2F /* QRScannerController.swift in Sources */ = {isa = PBXBuildFile; fileRef = D7CDCB5FDBA6561E63A65334 /* QRScannerController.swift */; };
		D3371E0BBDB9E7E172D5BAFE /* EditorView.swift in Sources */ = {isa = PBXBuildFile; fileRef = AB391409A9B3001C51FD997F /* EditorView.swift */; };
		DCA0AA6F1C5A3B4666E07FA5 /* Pattern.swift in Sources */ = {isa = PBXBuildFile; fileRef = 70E146955A1062679618E3C6 /* Pattern.swift */; };
/* End PBXBuildFile section */

/* Begin PBXFileReference section */
		186F2CFC7F518F1C2893CACC /* Info.plist */ = {isa = PBXFileReference; lastKnownFileType = text.plist; path = Info.plist; sourceTree = "<group>"; };
		1C8921527B69A89616F210AC /* ContentView.swift */ = {isa = PBXFileReference; lastKnownFileType = sourcecode.swift; path = ContentView.swift; sourceTree = "<group>"; };
		1D8ECA38224DCB526054DF93 /* PatternCardView.swift */ = {isa = PBXFileReference; lastKnownFileType = sourcecode.swift; path = PatternCardView.swift; sourceTree = "<group>"; };
		3759C901E3220642F397C3A3 /* GalleryView.swift */ = {isa = PBXFileReference; lastKnownFileType = sourcecode.swift; path = GalleryView.swift; sourceTree = "<group>"; };
		40D2EA2622B2B262E7344B52 /* BeadColor.swift */ = {isa = PBXFileReference; lastKnownFileType = sourcecode.swift; path = BeadColor.swift; sourceTree = "<group>"; };
		5939A0E0C5A18D6E580EAEE7 /* ProfileView.swift */ = {isa = PBXFileReference; lastKnownFileType = sourcecode.swift; path = ProfileView.swift; sourceTree = "<group>"; };
		5E4643F29218E11DBBE8BC6C /* PatternRenderer.swift */ = {isa = PBXFileReference; lastKnownFileType = sourcecode.swift; path = PatternRenderer.swift; sourceTree = "<group>"; };
		691B718223BB738AD7A48FBE /* ShareView.swift */ = {isa = PBXFileReference; lastKnownFileType = sourcecode.swift; path = ShareView.swift; sourceTree = "<group>"; };
		70E146955A1062679618E3C6 /* Pattern.swift */ = {isa = PBXFileReference; lastKnownFileType = sourcecode.swift; path = Pattern.swift; sourceTree = "<group>"; };
		76F4E5CAD01B742F40B44253 /* ScannerView.swift */ = {isa = PBXFileReference; lastKnownFileType = sourcecode.swift; path = ScannerView.swift; sourceTree = "<group>"; };
		77D1AA4C7B52D8A5B38C6912 /* CanvasView.swift */ = {isa = PBXFileReference; lastKnownFileType = sourcecode.swift; path = CanvasView.swift; sourceTree = "<group>"; };
		7EC2C881CF99568D17E91EAA /* EditorViewModel.swift */ = {isa = PBXFileReference; lastKnownFileType = sourcecode.swift; path = EditorViewModel.swift; sourceTree = "<group>"; };
		8226AD744345945D49F18CD7 /* BeadMaker.app */ = {isa = PBXFileReference; explicitFileType = wrapper.application; includeInIndex = 0; path = BeadMaker.app; sourceTree = BUILT_PRODUCTS_DIR; };
		8A3E6A57B424740278A012E1 /* BeadColorLibrary.swift */ = {isa = PBXFileReference; lastKnownFileType = sourcecode.swift; path = BeadColorLibrary.swift; sourceTree = "<group>"; };
		98FD229C4540444E06749C9A /* ToolbarView.swift */ = {isa = PBXFileReference; lastKnownFileType = sourcecode.swift; path = ToolbarView.swift; sourceTree = "<group>"; };
		9E31BFFC344F44F301C66895 /* BeadStatsView.swift */ = {isa = PBXFileReference; lastKnownFileType = sourcecode.swift; path = BeadStatsView.swift; sourceTree = "<group>"; };
		AB391409A9B3001C51FD997F /* EditorView.swift */ = {isa = PBXFileReference; lastKnownFileType = sourcecode.swift; path = EditorView.swift; sourceTree = "<group>"; };
		AB7EFB7C269972FBA195A086 /* PixelAvatarLibrary.swift */ = {isa = PBXFileReference; lastKnownFileType = sourcecode.swift; path = PixelAvatarLibrary.swift; sourceTree = "<group>"; };
		CB2C6F0503AA5638B5600387 /* ColorPanelView.swift */ = {isa = PBXFileReference; lastKnownFileType = sourcecode.swift; path = ColorPanelView.swift; sourceTree = "<group>"; };
		D472869036D431C6AD83C13C /* UserProfile.swift */ = {isa = PBXFileReference; lastKnownFileType = sourcecode.swift; path = UserProfile.swift; sourceTree = "<group>"; };
		D7CDCB5FDBA6561E63A65334 /* QRScannerController.swift */ = {isa = PBXFileReference; lastKnownFileType = sourcecode.swift; path = QRScannerController.swift; sourceTree = "<group>"; };
		DA537975C118C395CEDB0048 /* PatternCodec.swift */ = {isa = PBXFileReference; lastKnownFileType = sourcecode.swift; path = PatternCodec.swift; sourceTree = "<group>"; };
		E9F4582FBE525393C0400B87 /* QRGeneratorView.swift */ = {isa = PBXFileReference; lastKnownFileType = sourcecode.swift; path = QRGeneratorView.swift; sourceTree = "<group>"; };
		F3FAD33B73DF973D67636031 /* BeadMakerApp.swift */ = {isa = PBXFileReference; lastKnownFileType = sourcecode.swift; path = BeadMakerApp.swift; sourceTree = "<group>"; };
		F3FF2439A3A1EF55F6EFAD2D /* AvatarPickerView.swift */ = {isa = PBXFileReference; lastKnownFileType = sourcecode.swift; path = AvatarPickerView.swift; sourceTree = "<group>"; };
/* End PBXFileReference section */

/* Begin PBXGroup section */
		16B23389B174FCA6F9B3580C /* Products */ = {
			isa = PBXGroup;
			children = (
				8226AD744345945D49F18CD7 /* BeadMaker.app */,
			);
			name = Products;
			sourceTree = "<group>";
		};
		228E21DB4E542B14BB33D39E /* Profile */ = {
			isa = PBXGroup;
			children = (
				F3FF2439A3A1EF55F6EFAD2D /* AvatarPickerView.swift */,
				5939A0E0C5A18D6E580EAEE7 /* ProfileView.swift */,
			);
			path = Profile;
			sourceTree = "<group>";
		};
		66F22D9E4158170854A6FE50 /* Editor */ = {
			isa = PBXGroup;
			children = (
				9E31BFFC344F44F301C66895 /* BeadStatsView.swift */,
				77D1AA4C7B52D8A5B38C6912 /* CanvasView.swift */,
				CB2C6F0503AA5638B5600387 /* ColorPanelView.swift */,
				AB391409A9B3001C51FD997F /* EditorView.swift */,
				7EC2C881CF99568D17E91EAA /* EditorViewModel.swift */,
				98FD229C4540444E06749C9A /* ToolbarView.swift */,
			);
			path = Editor;
			sourceTree = "<group>";
		};
		6839B14BA5E361CC16210100 /* Models */ = {
			isa = PBXGroup;
			children = (
				40D2EA2622B2B262E7344B52 /* BeadColor.swift */,
				70E146955A1062679618E3C6 /* Pattern.swift */,
				DA537975C118C395CEDB0048 /* PatternCodec.swift */,
				D472869036D431C6AD83C13C /* UserProfile.swift */,
			);
			path = Models;
			sourceTree = "<group>";
		};
		94CC86C690134E6D67D585D6 /* Scanner */ = {
			isa = PBXGroup;
			children = (
				D7CDCB5FDBA6561E63A65334 /* QRScannerController.swift */,
				76F4E5CAD01B742F40B44253 /* ScannerView.swift */,
			);
			path = Scanner;
			sourceTree = "<group>";
		};
		9B29E3C6584EB06519C92E6C /* Features */ = {
			isa = PBXGroup;
			children = (
				66F22D9E4158170854A6FE50 /* Editor */,
				E5AD40D1E3E1FC88B5203062 /* Gallery */,
				228E21DB4E542B14BB33D39E /* Profile */,
				94CC86C690134E6D67D585D6 /* Scanner */,
				D3068A16821EC9E418FA9EA9 /* Share */,
			);
			path = Features;
			sourceTree = "<group>";
		};
		B5E8B3D63B9260A59AF085B4 /* Core */ = {
			isa = PBXGroup;
			children = (
				8A3E6A57B424740278A012E1 /* BeadColorLibrary.swift */,
				5E4643F29218E11DBBE8BC6C /* PatternRenderer.swift */,
				AB7EFB7C269972FBA195A086 /* PixelAvatarLibrary.swift */,
			);
			path = Core;
			sourceTree = "<group>";
		};
		B82F4A963642F4769D86BA7F /* BeadMaker */ = {
			isa = PBXGroup;
			children = (
				186F2CFC7F518F1C2893CACC /* Info.plist */,
				C3BE8F90EB13FB16CCEDBB26 /* App */,
				B5E8B3D63B9260A59AF085B4 /* Core */,
				9B29E3C6584EB06519C92E6C /* Features */,
				6839B14BA5E361CC16210100 /* Models */,
			);
			path = BeadMaker;
			sourceTree = "<group>";
		};
		C3BE8F90EB13FB16CCEDBB26 /* App */ = {
			isa = PBXGroup;
			children = (
				F3FAD33B73DF973D67636031 /* BeadMakerApp.swift */,
				1C8921527B69A89616F210AC /* ContentView.swift */,
			);
			path = App;
			sourceTree = "<group>";
		};
		D3068A16821EC9E418FA9EA9 /* Share */ = {
			isa = PBXGroup;
			children = (
				E9F4582FBE525393C0400B87 /* QRGeneratorView.swift */,
				691B718223BB738AD7A48FBE /* ShareView.swift */,
			);
			path = Share;
			sourceTree = "<group>";
		};
		E5AD40D1E3E1FC88B5203062 /* Gallery */ = {
			isa = PBXGroup;
			children = (
				3759C901E3220642F397C3A3 /* GalleryView.swift */,
				1D8ECA38224DCB526054DF93 /* PatternCardView.swift */,
			);
			path = Gallery;
			sourceTree = "<group>";
		};
		F5A4F49F8BE25A88E2239DD3 = {
			isa = PBXGroup;
			children = (
				B82F4A963642F4769D86BA7F /* BeadMaker */,
				16B23389B174FCA6F9B3580C /* Products */,
			);
			sourceTree = "<group>";
		};
/* End PBXGroup section */

/* Begin PBXNativeTarget section */
		A1FBEB4BECAF73F2545BBBB2 /* BeadMaker */ = {
			isa = PBXNativeTarget;
			buildConfigurationList = E0EE100B49DFAAE0F0439761 /* Build configuration list for PBXNativeTarget "BeadMaker" */;
			buildPhases = (
				BF20007DE219067428EB2ADB /* Sources */,
			);
			buildRules = (
			);
			dependencies = (
			);
			name = BeadMaker;
			packageProductDependencies = (
			);
			productName = BeadMaker;
			productReference = 8226AD744345945D49F18CD7 /* BeadMaker.app */;
			productType = "com.apple.product-type.application";
		};
/* End PBXNativeTarget section */

/* Begin PBXProject section */
		CA977A82D5EDD58B154A2B1D /* Project object */ = {
			isa = PBXProject;
			attributes = {
				BuildIndependentTargetsInParallel = YES;
				LastUpgradeCheck = 1600;
				TargetAttributes = {
					A1FBEB4BECAF73F2545BBBB2 = {
						ProvisioningStyle = Automatic;
					};
				};
			};
			buildConfigurationList = 9FD119330A73144272D172CD /* Build configuration list for PBXProject "BeadMaker" */;
			compatibilityVersion = "Xcode 14.0";
			developmentRegion = en;
			hasScannedForEncodings = 0;
			knownRegions = (
				Base,
				en,
			);
			mainGroup = F5A4F49F8BE25A88E2239DD3;
			minimizedProjectReferenceProxies = 1;
			projectDirPath = "";
			projectRoot = "";
			targets = (
				A1FBEB4BECAF73F2545BBBB2 /* BeadMaker */,
			);
		};
/* End PBXProject section */

/* Begin PBXSourcesBuildPhase section */
		BF20007DE219067428EB2ADB /* Sources */ = {
			isa = PBXSourcesBuildPhase;
			buildActionMask = 2147483647;
			files = (
				4F95D21645D6E4031678FBFF /* AvatarPickerView.swift in Sources */,
				B81248C17611C7D246FA5A2B /* BeadColor.swift in Sources */,
				C555299E53850485A25FC442 /* BeadColorLibrary.swift in Sources */,
				92EFA5FFAE57DD6E06BA9B78 /* BeadMakerApp.swift in Sources */,
				58C8AB9A1B131CFE70CCB2ED /* BeadStatsView.swift in Sources */,
				655995585E68BA92283F2774 /* CanvasView.swift in Sources */,
				04B9547CB4D06BDDA831CC56 /* ColorPanelView.swift in Sources */,
				4E3BB548D434875E493B39F3 /* ContentView.swift in Sources */,
				D3371E0BBDB9E7E172D5BAFE /* EditorView.swift in Sources */,
				A777EF6764D76F2BDB07F004 /* EditorViewModel.swift in Sources */,
				73910A7DA14252D7A3DD671B /* GalleryView.swift in Sources */,
				DCA0AA6F1C5A3B4666E07FA5 /* Pattern.swift in Sources */,
				9595F7A55E53BB7B83363452 /* PatternCardView.swift in Sources */,
				8C02B7C6573D4D44564EC1BA /* PatternCodec.swift in Sources */,
				256097CAC28F5AC15D7B9E86 /* PatternRenderer.swift in Sources */,
				497301E28E949D71F2225695 /* PixelAvatarLibrary.swift in Sources */,
				C13FD0990742A0604A1387A1 /* ProfileView.swift in Sources */,
				0E2AFA6A9CC63434818A7194 /* QRGeneratorView.swift in Sources */,
				C7AB6A1959C00A46FFAE5C2F /* QRScannerController.swift in Sources */,
				68580270A31054AA0D207B0C /* ScannerView.swift in Sources */,
				451D1B4A53F7D9480B83E56B /* ShareView.swift in Sources */,
				023565E9BDC30D84BE170484 /* ToolbarView.swift in Sources */,
				AD3C7B2B95FD13065291410D /* UserProfile.swift in Sources */,
			);
			runOnlyForDeploymentPostprocessing = 0;
		};
/* End PBXSourcesBuildPhase section */

/* Begin XCBuildConfiguration section */
		8D4AC78D1BB7A2B50EFD5872 /* Release */ = {
			isa = XCBuildConfiguration;
			buildSettings = {
				ALWAYS_SEARCH_USER_PATHS = NO;
				CLANG_ANALYZER_NONNULL = YES;
				CLANG_ANALYZER_NUMBER_OBJECT_CONVERSION = YES_AGGRESSIVE;
				CLANG_CXX_LANGUAGE_STANDARD = "gnu++14";
				CLANG_CXX_LIBRARY = "libc++";
				CLANG_ENABLE_MODULES = YES;
				CLANG_ENABLE_OBJC_ARC = YES;
				CLANG_ENABLE_OBJC_WEAK = YES;
				CLANG_WARN_BLOCK_CAPTURE_AUTORELEASING = YES;
				CLANG_WARN_BOOL_CONVERSION = YES;
				CLANG_WARN_COMMA = YES;
				CLANG_WARN_CONSTANT_CONVERSION = YES;
				CLANG_WARN_DEPRECATED_OBJC_IMPLEMENTATIONS = YES;
				CLANG_WARN_DIRECT_OBJC_ISA_USAGE = YES_ERROR;
				CLANG_WARN_DOCUMENTATION_COMMENTS = YES;
				CLANG_WARN_EMPTY_BODY = YES;
				CLANG_WARN_ENUM_CONVERSION = YES;
				CLANG_WARN_INFINITE_RECURSION = YES;
				CLANG_WARN_INT_CONVERSION = YES;
				CLANG_WARN_NON_LITERAL_NULL_CONVERSION = YES;
				CLANG_WARN_OBJC_IMPLICIT_RETAIN_SELF = YES;
				CLANG_WARN_OBJC_LITERAL_CONVERSION = YES;
				CLANG_WARN_OBJC_ROOT_CLASS = YES_ERROR;
				CLANG_WARN_QUOTED_INCLUDE_IN_FRAMEWORK_HEADER = YES;
				CLANG_WARN_RANGE_LOOP_ANALYSIS = YES;
				CLANG_WARN_STRICT_PROTOTYPES = YES;
				CLANG_WARN_SUSPICIOUS_MOVE = YES;
				CLANG_WARN_UNGUARDED_AVAILABILITY = YES_AGGRESSIVE;
				CLANG_WARN_UNREACHABLE_CODE = YES;
				CLANG_WARN__DUPLICATE_METHOD_MATCH = YES;
				COPY_PHASE_STRIP = NO;
				DEBUG_INFORMATION_FORMAT = "dwarf-with-dsym";
				ENABLE_NS_ASSERTIONS = NO;
				ENABLE_STRICT_OBJC_MSGSEND = YES;
				GCC_C_LANGUAGE_STANDARD = gnu11;
				GCC_NO_COMMON_BLOCKS = YES;
				GCC_WARN_64_TO_32_BIT_CONVERSION = YES;
				GCC_WARN_ABOUT_RETURN_TYPE = YES_ERROR;
				GCC_WARN_UNDECLARED_SELECTOR = YES;
				GCC_WARN_UNINITIALIZED_AUTOS = YES_AGGRESSIVE;
				GCC_WARN_UNUSED_FUNCTION = YES;
				GCC_WARN_UNUSED_VARIABLE = YES;
				IPHONEOS_DEPLOYMENT_TARGET = 17.0;
				MTL_ENABLE_DEBUG_INFO = NO;
				MTL_FAST_MATH = YES;
				PRODUCT_NAME = "$(TARGET_NAME)";
				SDKROOT = iphoneos;
				SWIFT_COMPILATION_MODE = wholemodule;
				SWIFT_OPTIMIZATION_LEVEL = "-O";
				SWIFT_VERSION = 5.0;
			};
			name = Release;
		};
		D6455427AAABF0891AAAD205 /* Debug */ = {
			isa = XCBuildConfiguration;
			buildSettings = {
				ASSETCATALOG_COMPILER_APPICON_NAME = AppIcon;
				CODE_SIGN_IDENTITY = "Apple Development";
				CODE_SIGN_STYLE = Automatic;
				DEVELOPMENT_TEAM = 84SJV77585;
				ENABLE_PREVIEWS = YES;
				INFOPLIST_FILE = BeadMaker/Info.plist;
				IPHONEOS_DEPLOYMENT_TARGET = 17.0;
				LD_RUNPATH_SEARCH_PATHS = (
					"$(inherited)",
					"@executable_path/Frameworks",
				);
				PRODUCT_BUNDLE_IDENTIFIER = com.kevinzhang.beadmaker;
				SDKROOT = iphoneos;
				SWIFT_VERSION = 5.9;
				TARGETED_DEVICE_FAMILY = "1,2";
			};
			name = Debug;
		};
		F39C1FADFD5161ED98C15FA9 /* Debug */ = {
			isa = XCBuildConfiguration;
			buildSettings = {
				ALWAYS_SEARCH_USER_PATHS = NO;
				CLANG_ANALYZER_NONNULL = YES;
				CLANG_ANALYZER_NUMBER_OBJECT_CONVERSION = YES_AGGRESSIVE;
				CLANG_CXX_LANGUAGE_STANDARD = "gnu++14";
				CLANG_CXX_LIBRARY = "libc++";
				CLANG_ENABLE_MODULES = YES;
				CLANG_ENABLE_OBJC_ARC = YES;
				CLANG_ENABLE_OBJC_WEAK = YES;
				CLANG_WARN_BLOCK_CAPTURE_AUTORELEASING = YES;
				CLANG_WARN_BOOL_CONVERSION = YES;
				CLANG_WARN_COMMA = YES;
				CLANG_WARN_CONSTANT_CONVERSION = YES;
				CLANG_WARN_DEPRECATED_OBJC_IMPLEMENTATIONS = YES;
				CLANG_WARN_DIRECT_OBJC_ISA_USAGE = YES_ERROR;
				CLANG_WARN_DOCUMENTATION_COMMENTS = YES;
				CLANG_WARN_EMPTY_BODY = YES;
				CLANG_WARN_ENUM_CONVERSION = YES;
				CLANG_WARN_INFINITE_RECURSION = YES;
				CLANG_WARN_INT_CONVERSION = YES;
				CLANG_WARN_NON_LITERAL_NULL_CONVERSION = YES;
				CLANG_WARN_OBJC_IMPLICIT_RETAIN_SELF = YES;
				CLANG_WARN_OBJC_LITERAL_CONVERSION = YES;
				CLANG_WARN_OBJC_ROOT_CLASS = YES_ERROR;
				CLANG_WARN_QUOTED_INCLUDE_IN_FRAMEWORK_HEADER = YES;
				CLANG_WARN_RANGE_LOOP_ANALYSIS = YES;
				CLANG_WARN_STRICT_PROTOTYPES = YES;
				CLANG_WARN_SUSPICIOUS_MOVE = YES;
				CLANG_WARN_UNGUARDED_AVAILABILITY = YES_AGGRESSIVE;
				CLANG_WARN_UNREACHABLE_CODE = YES;
				CLANG_WARN__DUPLICATE_METHOD_MATCH = YES;
				COPY_PHASE_STRIP = NO;
				DEBUG_INFORMATION_FORMAT = dwarf;
				ENABLE_STRICT_OBJC_MSGSEND = YES;
				ENABLE_TESTABILITY = YES;
				GCC_C_LANGUAGE_STANDARD = gnu11;
				GCC_DYNAMIC_NO_PIC = NO;
				GCC_NO_COMMON_BLOCKS = YES;
				GCC_OPTIMIZATION_LEVEL = 0;
				GCC_PREPROCESSOR_DEFINITIONS = (
					"$(inherited)",
					"DEBUG=1",
				);
				GCC_WARN_64_TO_32_BIT_CONVERSION = YES;
				GCC_WARN_ABOUT_RETURN_TYPE = YES_ERROR;
				GCC_WARN_UNDECLARED_SELECTOR = YES;
				GCC_WARN_UNINITIALIZED_AUTOS = YES_AGGRESSIVE;
				GCC_WARN_UNUSED_FUNCTION = YES;
				GCC_WARN_UNUSED_VARIABLE = YES;
				IPHONEOS_DEPLOYMENT_TARGET = 17.0;
				MTL_ENABLE_DEBUG_INFO = INCLUDE_SOURCE;
				MTL_FAST_MATH = YES;
				ONLY_ACTIVE_ARCH = YES;
				PRODUCT_NAME = "$(TARGET_NAME)";
				SDKROOT = iphoneos;
				SWIFT_ACTIVE_COMPILATION_CONDITIONS = DEBUG;
				SWIFT_OPTIMIZATION_LEVEL = "-Onone";
				SWIFT_VERSION = 5.0;
			};
			name = Debug;
		};
		F6DDF75F4152674C04EFF2B7 /* Release */ = {
			isa = XCBuildConfiguration;
			buildSettings = {
				ASSETCATALOG_COMPILER_APPICON_NAME = AppIcon;
				CODE_SIGN_IDENTITY = "Apple Development";
				CODE_SIGN_STYLE = Automatic;
				DEVELOPMENT_TEAM = 84SJV77585;
				ENABLE_PREVIEWS = YES;
				INFOPLIST_FILE = BeadMaker/Info.plist;
				IPHONEOS_DEPLOYMENT_TARGET = 17.0;
				LD_RUNPATH_SEARCH_PATHS = (
					"$(inherited)",
					"@executable_path/Frameworks",
				);
				PRODUCT_BUNDLE_IDENTIFIER = com.kevinzhang.beadmaker;
				SDKROOT = iphoneos;
				SWIFT_VERSION = 5.9;
				TARGETED_DEVICE_FAMILY = "1,2";
			};
			name = Release;
		};
/* End XCBuildConfiguration section */

/* Begin XCConfigurationList section */
		9FD119330A73144272D172CD /* Build configuration list for PBXProject "BeadMaker" */ = {
			isa = XCConfigurationList;
			buildConfigurations = (
				F39C1FADFD5161ED98C15FA9 /* Debug */,
				8D4AC78D1BB7A2B50EFD5872 /* Release */,
			);
			defaultConfigurationIsVisible = 0;
			defaultConfigurationName = Debug;
		};
		E0EE100B49DFAAE0F0439761 /* Build configuration list for PBXNativeTarget "BeadMaker" */ = {
			isa = XCConfigurationList;
			buildConfigurations = (
				D6455427AAABF0891AAAD205 /* Debug */,
				F6DDF75F4152674C04EFF2B7 /* Release */,
			);
			defaultConfigurationIsVisible = 0;
			defaultConfigurationName = Debug;
		};
/* End XCConfigurationList section */
	};
	rootObject = CA977A82D5EDD58B154A2B1D /* Project object */;
}
